
Microsoft Visual Studio Solution File, Format Version 12.00
# Visual Studio 14
VisualStudioVersion = 14.0.25420.1
MinimumVisualStudioVersion = 10.0.40219.1
Project("{FAE04EC0-301F-11D3-BF4B-00C04F79EFBC}") = "UMC.Common", "UMC.Common\UMC.Common.csproj", "{2D2EAF92-A641-47A1-B7BE-2ECB0888A931}"
EndProject
Project("{FAE04EC0-301F-11D3-BF4B-00C04F79EFBC}") = "UMC.Data", "UMC.Data\UMC.Data.csproj", "{8C29B0FC-BE34-4585-96F0-67218DDF555C}"
EndProject
Project("{FAE04EC0-301F-11D3-BF4B-00C04F79EFBC}") = "UMC.Model", "UMC.Model\UMC.Model.csproj", "{08B6F8DA-2F7A-437A-85A0-031B66866768}"
EndProject
Project("{FAE04EC0-301F-11D3-BF4B-00C04F79EFBC}") = "UMC.WApp", "UMC.WApp\UMC.WApp.csproj", "{C62071E3-7331-483F-BA23-018910E74156}"
EndProject
Project("{FAE04EC0-301F-11D3-BF4B-00C04F79EFBC}") = "UMC.Service", "UMC.Service\UMC.Service.csproj", "{ECAEC0D4-DB48-4CF2-9EF7-11E57A1ADBF1}"
EndProject
Global
	GlobalSection(SolutionConfigurationPlatforms) = preSolution
		Debug|Any CPU = Debug|Any CPU
		Release|Any CPU = Release|Any CPU
	EndGlobalSection
	GlobalSection(ProjectConfigurationPlatforms) = postSolution
		{2D2EAF92-A641-47A1-B7BE-2ECB0888A931}.Debug|Any CPU.ActiveCfg = Debug|Any CPU
		{2D2EAF92-A641-47A1-B7BE-2ECB0888A931}.Debug|Any CPU.Build.0 = Debug|Any CPU
		{2D2EAF92-A641-47A1-B7BE-2ECB0888A931}.Release|Any CPU.ActiveCfg = Release|Any CPU
		{2D2EAF92-A641-47A1-B7BE-2ECB0888A931}.Release|Any CPU.Build.0 = Release|Any CPU
		{8C29B0FC-BE34-4585-96F0-67218DDF555C}.Debug|Any CPU.ActiveCfg = Debug|Any CPU
		{8C29B0FC-BE34-4585-96F0-67218DDF555C}.Debug|Any CPU.Build.0 = Debug|Any CPU
		{8C29B0FC-BE34-4585-96F0-67218DDF555C}.Release|Any CPU.ActiveCfg = Release|Any CPU
		{8C29B0FC-BE34-4585-96F0-67218DDF555C}.Release|Any CPU.Build.0 = Release|Any CPU
		{08B6F8DA-2F7A-437A-85A0-031B66866768}.Debug|Any CPU.ActiveCfg = Debug|Any CPU
		{08B6F8DA-2F7A-437A-85A0-031B66866768}.Debug|Any CPU.Build.0 = Debug|Any CPU
		{08B6F8DA-2F7A-437A-85A0-031B66866768}.Release|Any CPU.ActiveCfg = Release|Any CPU
		{08B6F8DA-2F7A-437A-85A0-031B66866768}.Release|Any CPU.Build.0 = Release|Any CPU
		{C62071E3-7331-483F-BA23-018910E74156}.Debug|Any CPU.ActiveCfg = Debug|Any CPU
		{C62071E3-7331-483F-BA23-018910E74156}.Debug|Any CPU.Build.0 = Debug|Any CPU
		{C62071E3-7331-483F-BA23-018910E74156}.Release|Any CPU.ActiveCfg = Release|Any CPU
		{C62071E3-7331-483F-BA23-018910E74156}.Release|Any CPU.Build.0 = Release|Any CPU
		{ECAEC0D4-DB48-4CF2-9EF7-11E57A1ADBF1}.Debug|Any CPU.ActiveCfg = Debug|Any CPU
		{ECAEC0D4-DB48-4CF2-9EF7-11E57A1ADBF1}.Debug|Any CPU.Build.0 = Debug|Any CPU
		{ECAEC0D4-DB48-4CF2-9EF7-11E57A1ADBF1}.Release|Any CPU.ActiveCfg = Release|Any CPU
		{ECAEC0D4-DB48-4CF2-9EF7-11E57A1ADBF1}.Release|Any CPU.Build.0 = Release|Any CPU
	EndGlobalSection
	GlobalSection(SolutionProperties) = preSolution
		HideSolutionNode = FALSE
	EndGlobalSection
EndGlobal
